
Microsoft Visual Studio Solution File, Format Version 12.00
# Visual Studio 15
VisualStudioVersion = 15.0.27703.2000
MinimumVisualStudioVersion = 10.0.40219.1
Project("{FAE04EC0-301F-11D3-BF4B-00C04F79EFBC}") = "GC_Cap_4", "GC_Cap_4\GC_Cap_4.csproj", "{8D230FC8-AD93-4507-9E3C-2458AE800184}"
EndProject
Global
	GlobalSection(SolutionConfigurationPlatforms) = preSolution
		Debug|Any CPU = Debug|Any CPU
		Release|Any CPU = Release|Any CPU
	EndGlobalSection
	GlobalSection(ProjectConfigurationPlatforms) = postSolution
		{8D230FC8-AD93-4507-9E3C-2458AE800184}.Debug|Any CPU.ActiveCfg = Debug|Any CPU
		{8D230FC8-AD93-4507-9E3C-2458AE800184}.Debug|Any CPU.Build.0 = Debug|Any CPU
		{8D230FC8-AD93-4507-9E3C-2458AE800184}.Release|Any CPU.ActiveCfg = Release|Any CPU
		{8D230FC8-AD93-4507-9E3C-2458AE800184}.Release|Any CPU.Build.0 = Release|Any CPU
	EndGlobalSection
	GlobalSection(SolutionProperties) = preSolution
		HideSolutionNode = FALSE
	EndGlobalSection
	GlobalSection(ExtensibilityGlobals) = postSolution
		SolutionGuid = {C1FEF751-950C-4C90-BECB-C950BB968941}
	EndGlobalSection
EndGlobal
